
Microsoft Visual Studio Solution File, Format Version 12.00
# Visual Studio Version 17
VisualStudioVersion = 17.2.32526.322
MinimumVisualStudioVersion = 10.0.40219.1
Project("{9A19103F-16F7-4668-BE54-9A1E7A4F7556}") = "UserServices", "UserServices\UserServices.csproj", "{4991827A-F16A-47CD-8FF4-2838973CDA33}"
EndProject
Project("{FAE04EC0-301F-11D3-BF4B-00C04F79EFBC}") = "ProductService", "ProductService\ProductService.csproj", "{28F32333-7AD7-4FD7-90BC-801430C05F33}"
EndProject
Project("{FAE04EC0-301F-11D3-BF4B-00C04F79EFBC}") = "GatewaySample.WebApi", "GatewaySample.WebApi\GatewaySample.WebApi.csproj", "{834B1254-CF9F-4D90-9558-9A57849AD1D4}"
EndProject
Global
	GlobalSection(SolutionConfigurationPlatforms) = preSolution
		Debug|Any CPU = Debug|Any CPU
		Release|Any CPU = Release|Any CPU
	EndGlobalSection
	GlobalSection(ProjectConfigurationPlatforms) = postSolution
		{4991827A-F16A-47CD-8FF4-2838973CDA33}.Debug|Any CPU.ActiveCfg = Debug|Any CPU
		{4991827A-F16A-47CD-8FF4-2838973CDA33}.Debug|Any CPU.Build.0 = Debug|Any CPU
		{4991827A-F16A-47CD-8FF4-2838973CDA33}.Release|Any CPU.ActiveCfg = Release|Any CPU
		{4991827A-F16A-47CD-8FF4-2838973CDA33}.Release|Any CPU.Build.0 = Release|Any CPU
		{28F32333-7AD7-4FD7-90BC-801430C05F33}.Debug|Any CPU.ActiveCfg = Debug|Any CPU
		{28F32333-7AD7-4FD7-90BC-801430C05F33}.Debug|Any CPU.Build.0 = Debug|Any CPU
		{28F32333-7AD7-4FD7-90BC-801430C05F33}.Release|Any CPU.ActiveCfg = Release|Any CPU
		{28F32333-7AD7-4FD7-90BC-801430C05F33}.Release|Any CPU.Build.0 = Release|Any CPU
		{834B1254-CF9F-4D90-9558-9A57849AD1D4}.Debug|Any CPU.ActiveCfg = Debug|Any CPU
		{834B1254-CF9F-4D90-9558-9A57849AD1D4}.Debug|Any CPU.Build.0 = Debug|Any CPU
		{834B1254-CF9F-4D90-9558-9A57849AD1D4}.Release|Any CPU.ActiveCfg = Release|Any CPU
		{834B1254-CF9F-4D90-9558-9A57849AD1D4}.Release|Any CPU.Build.0 = Release|Any CPU
	EndGlobalSection
	GlobalSection(SolutionProperties) = preSolution
		HideSolutionNode = FALSE
	EndGlobalSection
	GlobalSection(ExtensibilityGlobals) = postSolution
		SolutionGuid = {9662DBC2-4A51-47FD-9C76-10ED88353616}
	EndGlobalSection
EndGlobal
